
Microsoft Visual Studio Solution File, Format Version 12.00
Project("{FAE04EC0-301F-11D3-BF4B-00C04F79EFBC}") = "OrderPickupApp", "OrderPickupApp.csproj", "{C48D0306-03CF-4DBC-ABAF-14FDE06DAF39}"
EndProject
Project("{2150E333-8FDC-42A3-9474-1A3956D46DE8}") = "Solution Items", "Solution Items", "{151701EA-85C1-4A44-BEC9-1444B833B66C}"
	ProjectSection(SolutionItems) = preProject
		docker-compose.yml = docker-compose.yml
	EndProjectSection
EndProject
Global
	GlobalSection(SolutionConfigurationPlatforms) = preSolution
		Debug|Any CPU = Debug|Any CPU
		Release|Any CPU = Release|Any CPU
	EndGlobalSection
	GlobalSection(ProjectConfigurationPlatforms) = postSolution
		{C48D0306-03CF-4DBC-ABAF-14FDE06DAF39}.Debug|Any CPU.ActiveCfg = Debug|Any CPU
		{C48D0306-03CF-4DBC-ABAF-14FDE06DAF39}.Debug|Any CPU.Build.0 = Debug|Any CPU
		{C48D0306-03CF-4DBC-ABAF-14FDE06DAF39}.Release|Any CPU.ActiveCfg = Release|Any CPU
		{C48D0306-03CF-4DBC-ABAF-14FDE06DAF39}.Release|Any CPU.Build.0 = Release|Any CPU
	EndGlobalSection
EndGlobal
